
Microsoft Visual Studio Solution File, Format Version 12.00
# Visual Studio Version 17
VisualStudioVersion = 17.4.33213.308
MinimumVisualStudioVersion = 10.0.40219.1
Project("{FAE04EC0-301F-11D3-BF4B-00C04F79EFBC}") = "ConsoleApp16", "ConsoleApp16\ConsoleApp16.csproj", "{F7056B2E-A849-4FE2-A56F-28286C31379C}"
EndProject
Global
	GlobalSection(SolutionConfigurationPlatforms) = preSolution
		Debug|Any CPU = Debug|Any CPU
		Release|Any CPU = Release|Any CPU
	EndGlobalSection
	GlobalSection(ProjectConfigurationPlatforms) = postSolution
		{F7056B2E-A849-4FE2-A56F-28286C31379C}.Debug|Any CPU.ActiveCfg = Debug|Any CPU
		{F7056B2E-A849-4FE2-A56F-28286C31379C}.Debug|Any CPU.Build.0 = Debug|Any CPU
		{F7056B2E-A849-4FE2-A56F-28286C31379C}.Release|Any CPU.ActiveCfg = Release|Any CPU
		{F7056B2E-A849-4FE2-A56F-28286C31379C}.Release|Any CPU.Build.0 = Release|Any CPU
	EndGlobalSection
	GlobalSection(SolutionProperties) = preSolution
		HideSolutionNode = FALSE
	EndGlobalSection
	GlobalSection(ExtensibilityGlobals) = postSolution
		SolutionGuid = {2C88FB7E-6C27-4816-895F-BC951CB2D982}
	EndGlobalSection
EndGlobal
